
Microsoft Visual Studio Solution File, Format Version 12.00
# TcXaeShell Solution File, Format Version 11.00
VisualStudioVersion = 15.0.34829.251
MinimumVisualStudioVersion = 10.0.40219.1
Project("{B1E792BE-AA5F-4E3C-8C82-674BF9C0715B}") = "FisoThemes Error Library", "FisoThemes Error Library.tsproj", "{77055792-DB79-4837-871A-F4F39E95096F}"
EndProject
Global
	GlobalSection(SolutionConfigurationPlatforms) = preSolution
		Debug|TwinCAT CE7 (ARMV7) = Debug|TwinCAT CE7 (ARMV7)
		Debug|TwinCAT OS (ARMT2) = Debug|TwinCAT OS (ARMT2)
		Debug|TwinCAT RT (x64) = Debug|TwinCAT RT (x64)
		Debug|TwinCAT RT (x86) = Debug|TwinCAT RT (x86)
		Release|TwinCAT CE7 (ARMV7) = Release|TwinCAT CE7 (ARMV7)
		Release|TwinCAT OS (ARMT2) = Release|TwinCAT OS (ARMT2)
		Release|TwinCAT RT (x64) = Release|TwinCAT RT (x64)
		Release|TwinCAT RT (x86) = Release|TwinCAT RT (x86)
	EndGlobalSection
	GlobalSection(ProjectConfigurationPlatforms) = postSolution
		{77055792-DB79-4837-871A-F4F39E95096F}.Debug|TwinCAT CE7 (ARMV7).ActiveCfg = Debug|TwinCAT CE7 (ARMV7)
		{77055792-DB79-4837-871A-F4F39E95096F}.Debug|TwinCAT CE7 (ARMV7).Build.0 = Debug|TwinCAT CE7 (ARMV7)
		{77055792-DB79-4837-871A-F4F39E95096F}.Debug|TwinCAT OS (ARMT2).ActiveCfg = Debug|TwinCAT OS (ARMT2)
		{77055792-DB79-4837-871A-F4F39E95096F}.Debug|TwinCAT OS (ARMT2).Build.0 = Debug|TwinCAT OS (ARMT2)
		{77055792-DB79-4837-871A-F4F39E95096F}.Debug|TwinCAT RT (x64).ActiveCfg = Debug|TwinCAT RT (x64)
		{77055792-DB79-4837-871A-F4F39E95096F}.Debug|TwinCAT RT (x64).Build.0 = Debug|TwinCAT RT (x64)
		{77055792-DB79-4837-871A-F4F39E95096F}.Debug|TwinCAT RT (x86).ActiveCfg = Debug|TwinCAT RT (x86)
		{77055792-DB79-4837-871A-F4F39E95096F}.Debug|TwinCAT RT (x86).Build.0 = Debug|TwinCAT RT (x86)
		{77055792-DB79-4837-871A-F4F39E95096F}.Release|TwinCAT CE7 (ARMV7).ActiveCfg = Release|TwinCAT CE7 (ARMV7)
		{77055792-DB79-4837-871A-F4F39E95096F}.Release|TwinCAT CE7 (ARMV7).Build.0 = Release|TwinCAT CE7 (ARMV7)
		{77055792-DB79-4837-871A-F4F39E95096F}.Release|TwinCAT OS (ARMT2).ActiveCfg = Release|TwinCAT OS (ARMT2)
		{77055792-DB79-4837-871A-F4F39E95096F}.Release|TwinCAT OS (ARMT2).Build.0 = Release|TwinCAT OS (ARMT2)
		{77055792-DB79-4837-871A-F4F39E95096F}.Release|TwinCAT RT (x64).ActiveCfg = Release|TwinCAT RT (x64)
		{77055792-DB79-4837-871A-F4F39E95096F}.Release|TwinCAT RT (x64).Build.0 = Release|TwinCAT RT (x64)
		{77055792-DB79-4837-871A-F4F39E95096F}.Release|TwinCAT RT (x86).ActiveCfg = Release|TwinCAT RT (x86)
		{77055792-DB79-4837-871A-F4F39E95096F}.Release|TwinCAT RT (x86).Build.0 = Release|TwinCAT RT (x86)
		{3E1C5021-08CD-437D-858F-6746102D74FE}.Debug|TwinCAT CE7 (ARMV7).ActiveCfg = Debug|TwinCAT CE7 (ARMV7)
		{3E1C5021-08CD-437D-858F-6746102D74FE}.Debug|TwinCAT CE7 (ARMV7).Build.0 = Debug|TwinCAT CE7 (ARMV7)
		{3E1C5021-08CD-437D-858F-6746102D74FE}.Debug|TwinCAT OS (ARMT2).ActiveCfg = Debug|TwinCAT OS (ARMT2)
		{3E1C5021-08CD-437D-858F-6746102D74FE}.Debug|TwinCAT OS (ARMT2).Build.0 = Debug|TwinCAT OS (ARMT2)
		{3E1C5021-08CD-437D-858F-6746102D74FE}.Debug|TwinCAT RT (x64).ActiveCfg = Debug|TwinCAT RT (x64)
		{3E1C5021-08CD-437D-858F-6746102D74FE}.Debug|TwinCAT RT (x64).Build.0 = Debug|TwinCAT RT (x64)
		{3E1C5021-08CD-437D-858F-6746102D74FE}.Debug|TwinCAT RT (x86).ActiveCfg = Debug|TwinCAT RT (x86)
		{3E1C5021-08CD-437D-858F-6746102D74FE}.Debug|TwinCAT RT (x86).Build.0 = Debug|TwinCAT RT (x86)
		{3E1C5021-08CD-437D-858F-6746102D74FE}.Release|TwinCAT CE7 (ARMV7).ActiveCfg = Release|TwinCAT CE7 (ARMV7)
		{3E1C5021-08CD-437D-858F-6746102D74FE}.Release|TwinCAT CE7 (ARMV7).Build.0 = Release|TwinCAT CE7 (ARMV7)
		{3E1C5021-08CD-437D-858F-6746102D74FE}.Release|TwinCAT OS (ARMT2).ActiveCfg = Release|TwinCAT OS (ARMT2)
		{3E1C5021-08CD-437D-858F-6746102D74FE}.Release|TwinCAT OS (ARMT2).Build.0 = Release|TwinCAT OS (ARMT2)
		{3E1C5021-08CD-437D-858F-6746102D74FE}.Release|TwinCAT RT (x64).ActiveCfg = Release|TwinCAT RT (x64)
		{3E1C5021-08CD-437D-858F-6746102D74FE}.Release|TwinCAT RT (x86).ActiveCfg = Release|TwinCAT RT (x86)
		{3E1C5021-08CD-437D-858F-6746102D74FE}.Release|TwinCAT RT (x86).Build.0 = Release|TwinCAT RT (x86)
		{EF78B986-E2DA-49F6-A3BF-5741DEF082E7}.Debug|TwinCAT CE7 (ARMV7).ActiveCfg = Debug|TwinCAT CE7 (ARMV7)
		{EF78B986-E2DA-49F6-A3BF-5741DEF082E7}.Debug|TwinCAT CE7 (ARMV7).Build.0 = Debug|TwinCAT CE7 (ARMV7)
		{EF78B986-E2DA-49F6-A3BF-5741DEF082E7}.Debug|TwinCAT OS (ARMT2).ActiveCfg = Debug|TwinCAT OS (ARMT2)
		{EF78B986-E2DA-49F6-A3BF-5741DEF082E7}.Debug|TwinCAT OS (ARMT2).Build.0 = Debug|TwinCAT OS (ARMT2)
		{EF78B986-E2DA-49F6-A3BF-5741DEF082E7}.Debug|TwinCAT RT (x64).ActiveCfg = Debug|TwinCAT RT (x64)
		{EF78B986-E2DA-49F6-A3BF-5741DEF082E7}.Debug|TwinCAT RT (x64).Build.0 = Debug|TwinCAT RT (x64)
		{EF78B986-E2DA-49F6-A3BF-5741DEF082E7}.Debug|TwinCAT RT (x86).ActiveCfg = Debug|TwinCAT RT (x86)
		{EF78B986-E2DA-49F6-A3BF-5741DEF082E7}.Debug|TwinCAT RT (x86).Build.0 = Debug|TwinCAT RT (x86)
		{EF78B986-E2DA-49F6-A3BF-5741DEF082E7}.Release|TwinCAT CE7 (ARMV7).ActiveCfg = Release|TwinCAT CE7 (ARMV7)
		{EF78B986-E2DA-49F6-A3BF-5741DEF082E7}.Release|TwinCAT CE7 (ARMV7).Build.0 = Release|TwinCAT CE7 (ARMV7)
		{EF78B986-E2DA-49F6-A3BF-5741DEF082E7}.Release|TwinCAT OS (ARMT2).ActiveCfg = Release|TwinCAT OS (ARMT2)
		{EF78B986-E2DA-49F6-A3BF-5741DEF082E7}.Release|TwinCAT OS (ARMT2).Build.0 = Release|TwinCAT OS (ARMT2)
		{EF78B986-E2DA-49F6-A3BF-5741DEF082E7}.Release|TwinCAT RT (x64).ActiveCfg = Release|TwinCAT RT (x64)
		{EF78B986-E2DA-49F6-A3BF-5741DEF082E7}.Release|TwinCAT RT (x64).Build.0 = Release|TwinCAT RT (x64)
		{EF78B986-E2DA-49F6-A3BF-5741DEF082E7}.Release|TwinCAT RT (x86).ActiveCfg = Release|TwinCAT RT (x86)
		{EF78B986-E2DA-49F6-A3BF-5741DEF082E7}.Release|TwinCAT RT (x86).Build.0 = Release|TwinCAT RT (x86)
	EndGlobalSection
	GlobalSection(SolutionProperties) = preSolution
		HideSolutionNode = FALSE
	EndGlobalSection
	GlobalSection(ExtensibilityGlobals) = postSolution
		SolutionGuid = {F24B2386-894C-45F5-AB37-F46B04A34D42}
	EndGlobalSection
EndGlobal
